# This file is automatically @generated by Cargo.
# It is not intended for manual editing.
version = 3

[[package]]
name = "superi-ai"
version = "0.0.0"
dependencies = [
 "superi-core",
 "superi-graph",
 "superi-image",
]

[[package]]
name = "superi-api"
version = "0.0.0"
dependencies = [
 "superi-core",
 "superi-engine",
]

[[package]]
name = "superi-audio"
version = "0.0.0"
dependencies = [
 "superi-concurrency",
 "superi-core",
]

[[package]]
name = "superi-cache"
version = "0.0.0"
dependencies = [
 "superi-core",
 "superi-gpu",
 "superi-graph",
 "superi-image",
]

[[package]]
name = "superi-cli"
version = "0.0.0"
dependencies = [
 "superi-api",
 "superi-core",
]

[[package]]
name = "superi-codecs-platform"
version = "0.0.0"
dependencies = [
 "superi-core",
 "superi-image",
 "superi-media-io",
]

[[package]]
name = "superi-codecs-rs"
version = "0.0.0"
dependencies = [
 "superi-core",
 "superi-image",
 "superi-media-io",
]

[[package]]
name = "superi-color"
version = "0.0.0"
dependencies = [
 "superi-core",
 "superi-gpu",
 "superi-graph",
 "superi-image",
]

[[package]]
name = "superi-concurrency"
version = "0.0.0"
dependencies = [
 "superi-core",
 "superi-gpu",
]

[[package]]
name = "superi-core"
version = "0.0.0"

[[package]]
name = "superi-effects"
version = "0.0.0"
dependencies = [
 "superi-core",
 "superi-gpu",
 "superi-graph",
 "superi-image",
]

[[package]]
name = "superi-engine"
version = "0.0.0"
dependencies = [
 "superi-ai",
 "superi-audio",
 "superi-cache",
 "superi-codecs-platform",
 "superi-codecs-rs",
 "superi-color",
 "superi-concurrency",
 "superi-core",
 "superi-effects",
 "superi-gpu",
 "superi-graph",
 "superi-image",
 "superi-media-io",
 "superi-project",
 "superi-timeline",
]

[[package]]
name = "superi-gpu"
version = "0.0.0"
dependencies = [
 "superi-core",
 "superi-image",
]

[[package]]
name = "superi-graph"
version = "0.0.0"
dependencies = [
 "superi-concurrency",
 "superi-core",
 "superi-gpu",
 "superi-image",
]

[[package]]
name = "superi-image"
version = "0.0.0"
dependencies = [
 "superi-core",
]

[[package]]
name = "superi-media-io"
version = "0.0.0"
dependencies = [
 "superi-core",
 "superi-image",
]

[[package]]
name = "superi-project"
version = "0.0.0"
dependencies = [
 "superi-core",
 "superi-graph",
 "superi-timeline",
]

[[package]]
name = "superi-timeline"
version = "0.0.0"
dependencies = [
 "superi-core",
 "superi-graph",
]
