# This file is automatically @generated by Cargo.
# It is not intended for manual editing.
version = 3

[[package]]
name = "galileo-ai"
version = "0.0.0"
dependencies = [
 "galileo-core",
 "galileo-graph",
 "galileo-image",
]

[[package]]
name = "galileo-api"
version = "0.0.0"
dependencies = [
 "galileo-core",
 "galileo-engine",
]

[[package]]
name = "galileo-audio"
version = "0.0.0"
dependencies = [
 "galileo-concurrency",
 "galileo-core",
]

[[package]]
name = "galileo-cache"
version = "0.0.0"
dependencies = [
 "galileo-core",
 "galileo-gpu",
 "galileo-graph",
 "galileo-image",
]

[[package]]
name = "galileo-cli"
version = "0.0.0"
dependencies = [
 "galileo-api",
 "galileo-core",
]

[[package]]
name = "galileo-codecs-platform"
version = "0.0.0"
dependencies = [
 "galileo-core",
 "galileo-image",
 "galileo-media-io",
]

[[package]]
name = "galileo-codecs-rs"
version = "0.0.0"
dependencies = [
 "galileo-core",
 "galileo-image",
 "galileo-media-io",
]

[[package]]
name = "galileo-color"
version = "0.0.0"
dependencies = [
 "galileo-core",
 "galileo-gpu",
 "galileo-graph",
 "galileo-image",
]

[[package]]
name = "galileo-concurrency"
version = "0.0.0"
dependencies = [
 "galileo-core",
 "galileo-gpu",
]

[[package]]
name = "galileo-core"
version = "0.0.0"

[[package]]
name = "galileo-effects"
version = "0.0.0"
dependencies = [
 "galileo-core",
 "galileo-gpu",
 "galileo-graph",
 "galileo-image",
]

[[package]]
name = "galileo-engine"
version = "0.0.0"
dependencies = [
 "galileo-ai",
 "galileo-audio",
 "galileo-cache",
 "galileo-codecs-platform",
 "galileo-codecs-rs",
 "galileo-color",
 "galileo-concurrency",
 "galileo-core",
 "galileo-effects",
 "galileo-gpu",
 "galileo-graph",
 "galileo-image",
 "galileo-media-io",
 "galileo-project",
 "galileo-timeline",
]

[[package]]
name = "galileo-gpu"
version = "0.0.0"
dependencies = [
 "galileo-core",
 "galileo-image",
]

[[package]]
name = "galileo-graph"
version = "0.0.0"
dependencies = [
 "galileo-concurrency",
 "galileo-core",
 "galileo-gpu",
 "galileo-image",
]

[[package]]
name = "galileo-image"
version = "0.0.0"
dependencies = [
 "galileo-core",
]

[[package]]
name = "galileo-media-io"
version = "0.0.0"
dependencies = [
 "galileo-core",
 "galileo-image",
]

[[package]]
name = "galileo-project"
version = "0.0.0"
dependencies = [
 "galileo-core",
 "galileo-graph",
 "galileo-timeline",
]

[[package]]
name = "galileo-timeline"
version = "0.0.0"
dependencies = [
 "galileo-core",
 "galileo-graph",
]
